
Microsoft Visual Studio Solution File, Format Version 12.00
# Visual Studio 14
VisualStudioVersion = 14.0.23107.0
MinimumVisualStudioVersion = 10.0.40219.1
Project("{8BC9CEB8-8B4A-11D0-8D11-00A0C91BC942}") = "PC_Client", "PC_Client\PC_Client.vcxproj", "{35C9C897-43F2-4A3F-AC53-658A9A477272}"
EndProject
Global
	GlobalSection(SolutionConfigurationPlatforms) = preSolution
		Debug|x64 = Debug|x64
		Debug|x86 = Debug|x86
		Release|x64 = Release|x64
		Release|x86 = Release|x86
	EndGlobalSection
	GlobalSection(ProjectConfigurationPlatforms) = postSolution
		{35C9C897-43F2-4A3F-AC53-658A9A477272}.Debug|x64.ActiveCfg = Debug|x64
		{35C9C897-43F2-4A3F-AC53-658A9A477272}.Debug|x64.Build.0 = Debug|x64
		{35C9C897-43F2-4A3F-AC53-658A9A477272}.Debug|x86.ActiveCfg = Debug|Win32
		{35C9C897-43F2-4A3F-AC53-658A9A477272}.Debug|x86.Build.0 = Debug|Win32
		{35C9C897-43F2-4A3F-AC53-658A9A477272}.Release|x64.ActiveCfg = Release|x64
		{35C9C897-43F2-4A3F-AC53-658A9A477272}.Release|x64.Build.0 = Release|x64
		{35C9C897-43F2-4A3F-AC53-658A9A477272}.Release|x86.ActiveCfg = Release|Win32
		{35C9C897-43F2-4A3F-AC53-658A9A477272}.Release|x86.Build.0 = Release|Win32
	EndGlobalSection
	GlobalSection(SolutionProperties) = preSolution
		HideSolutionNode = FALSE
	EndGlobalSection
EndGlobal
